
Microsoft Visual Studio Solution File, Format Version 12.00
# Visual Studio 15
VisualStudioVersion = 15.0.28307.329
MinimumVisualStudioVersion = 10.0.40219.1
Project("{FAE04EC0-301F-11D3-BF4B-00C04F79EFBC}") = "PickMyMovieApi", "PickMyMovieApi\PickMyMovieApi.csproj", "{2AFA5779-DB0F-417B-B7DC-D7C9BB29D272}"
EndProject
Global
	GlobalSection(SolutionConfigurationPlatforms) = preSolution
		Debug|Any CPU = Debug|Any CPU
		Release|Any CPU = Release|Any CPU
	EndGlobalSection
	GlobalSection(ProjectConfigurationPlatforms) = postSolution
		{2AFA5779-DB0F-417B-B7DC-D7C9BB29D272}.Debug|Any CPU.ActiveCfg = Debug|Any CPU
		{2AFA5779-DB0F-417B-B7DC-D7C9BB29D272}.Debug|Any CPU.Build.0 = Debug|Any CPU
		{2AFA5779-DB0F-417B-B7DC-D7C9BB29D272}.Release|Any CPU.ActiveCfg = Release|Any CPU
		{2AFA5779-DB0F-417B-B7DC-D7C9BB29D272}.Release|Any CPU.Build.0 = Release|Any CPU
	EndGlobalSection
	GlobalSection(SolutionProperties) = preSolution
		HideSolutionNode = FALSE
	EndGlobalSection
	GlobalSection(ExtensibilityGlobals) = postSolution
		SolutionGuid = {EB84E9D2-0002-47B8-8D61-61D004A30BE4}
	EndGlobalSection
EndGlobal
